
Microsoft Visual Studio Solution File, Format Version 12.00
# Visual Studio Version 16
VisualStudioVersion = 16.0.29215.179
MinimumVisualStudioVersion = 10.0.40219.1
Project("{FAE04EC0-301F-11D3-BF4B-00C04F79EFBC}") = "sum", "sum\sum.csproj", "{CEA3477E-D43B-4846-AE1D-E31510580C24}"
EndProject
Global
	GlobalSection(SolutionConfigurationPlatforms) = preSolution
		Debug|Any CPU = Debug|Any CPU
		Release|Any CPU = Release|Any CPU
	EndGlobalSection
	GlobalSection(ProjectConfigurationPlatforms) = postSolution
		{CEA3477E-D43B-4846-AE1D-E31510580C24}.Debug|Any CPU.ActiveCfg = Debug|Any CPU
		{CEA3477E-D43B-4846-AE1D-E31510580C24}.Debug|Any CPU.Build.0 = Debug|Any CPU
		{CEA3477E-D43B-4846-AE1D-E31510580C24}.Release|Any CPU.ActiveCfg = Release|Any CPU
		{CEA3477E-D43B-4846-AE1D-E31510580C24}.Release|Any CPU.Build.0 = Release|Any CPU
	EndGlobalSection
	GlobalSection(SolutionProperties) = preSolution
		HideSolutionNode = FALSE
	EndGlobalSection
	GlobalSection(ExtensibilityGlobals) = postSolution
		SolutionGuid = {B5834E20-5786-43CB-A5CC-16DC031CF25B}
	EndGlobalSection
EndGlobal
