
Microsoft Visual Studio Solution File, Format Version 12.00
# Visual Studio Version 16
VisualStudioVersion = 16.0.29215.179
MinimumVisualStudioVersion = 10.0.40219.1
Project("{FAE04EC0-301F-11D3-BF4B-00C04F79EFBC}") = "Practice", "Practice\Practice.csproj", "{FF9D28F2-3E86-4064-8539-CA736AE5799D}"
EndProject
Global
	GlobalSection(SolutionConfigurationPlatforms) = preSolution
		Debug|Any CPU = Debug|Any CPU
		Release|Any CPU = Release|Any CPU
	EndGlobalSection
	GlobalSection(ProjectConfigurationPlatforms) = postSolution
		{FF9D28F2-3E86-4064-8539-CA736AE5799D}.Debug|Any CPU.ActiveCfg = Debug|Any CPU
		{FF9D28F2-3E86-4064-8539-CA736AE5799D}.Debug|Any CPU.Build.0 = Debug|Any CPU
		{FF9D28F2-3E86-4064-8539-CA736AE5799D}.Release|Any CPU.ActiveCfg = Release|Any CPU
		{FF9D28F2-3E86-4064-8539-CA736AE5799D}.Release|Any CPU.Build.0 = Release|Any CPU
	EndGlobalSection
	GlobalSection(SolutionProperties) = preSolution
		HideSolutionNode = FALSE
	EndGlobalSection
	GlobalSection(ExtensibilityGlobals) = postSolution
		SolutionGuid = {8062B6D9-D0A6-4EDE-B9AC-86AB349C5AA0}
	EndGlobalSection
EndGlobal
