
Microsoft Visual Studio Solution File, Format Version 12.00
# Visual Studio Version 16
VisualStudioVersion = 16.0.29215.179
MinimumVisualStudioVersion = 10.0.40219.1
Project("{FAE04EC0-301F-11D3-BF4B-00C04F79EFBC}") = "Loops(3)redoHW", "Loops(3)redoHW\Loops(3)redoHW.csproj", "{AC08A1B0-0FC6-4F96-8EC5-A813C31F6C8C}"
EndProject
Global
	GlobalSection(SolutionConfigurationPlatforms) = preSolution
		Debug|Any CPU = Debug|Any CPU
		Release|Any CPU = Release|Any CPU
	EndGlobalSection
	GlobalSection(ProjectConfigurationPlatforms) = postSolution
		{AC08A1B0-0FC6-4F96-8EC5-A813C31F6C8C}.Debug|Any CPU.ActiveCfg = Debug|Any CPU
		{AC08A1B0-0FC6-4F96-8EC5-A813C31F6C8C}.Debug|Any CPU.Build.0 = Debug|Any CPU
		{AC08A1B0-0FC6-4F96-8EC5-A813C31F6C8C}.Release|Any CPU.ActiveCfg = Release|Any CPU
		{AC08A1B0-0FC6-4F96-8EC5-A813C31F6C8C}.Release|Any CPU.Build.0 = Release|Any CPU
	EndGlobalSection
	GlobalSection(SolutionProperties) = preSolution
		HideSolutionNode = FALSE
	EndGlobalSection
	GlobalSection(ExtensibilityGlobals) = postSolution
		SolutionGuid = {13604A17-2AE1-45A7-94F4-A30C09AA39E5}
	EndGlobalSection
EndGlobal
