
Microsoft Visual Studio Solution File, Format Version 12.00
# Visual Studio Version 16
VisualStudioVersion = 16.0.29215.179
MinimumVisualStudioVersion = 10.0.40219.1
Project("{FAE04EC0-301F-11D3-BF4B-00C04F79EFBC}") = "CoinToss", "CoinToss\CoinToss.csproj", "{57044996-688E-4E7F-8D69-5222BA91623C}"
EndProject
Global
	GlobalSection(SolutionConfigurationPlatforms) = preSolution
		Debug|Any CPU = Debug|Any CPU
		Release|Any CPU = Release|Any CPU
	EndGlobalSection
	GlobalSection(ProjectConfigurationPlatforms) = postSolution
		{57044996-688E-4E7F-8D69-5222BA91623C}.Debug|Any CPU.ActiveCfg = Debug|Any CPU
		{57044996-688E-4E7F-8D69-5222BA91623C}.Debug|Any CPU.Build.0 = Debug|Any CPU
		{57044996-688E-4E7F-8D69-5222BA91623C}.Release|Any CPU.ActiveCfg = Release|Any CPU
		{57044996-688E-4E7F-8D69-5222BA91623C}.Release|Any CPU.Build.0 = Release|Any CPU
	EndGlobalSection
	GlobalSection(SolutionProperties) = preSolution
		HideSolutionNode = FALSE
	EndGlobalSection
	GlobalSection(ExtensibilityGlobals) = postSolution
		SolutionGuid = {BBDBE5B3-FE5D-4F77-96A7-AD9ED6510C8E}
	EndGlobalSection
EndGlobal
