
Microsoft Visual Studio Solution File, Format Version 12.00
# Visual Studio Version 16
VisualStudioVersion = 16.0.29215.179
MinimumVisualStudioVersion = 10.0.40219.1
Project("{FAE04EC0-301F-11D3-BF4B-00C04F79EFBC}") = "DaysofMonth2", "DaysofMonth2\DaysofMonth2.csproj", "{B9263D56-DB23-4EE9-9F91-F64F988EB6CC}"
EndProject
Global
	GlobalSection(SolutionConfigurationPlatforms) = preSolution
		Debug|Any CPU = Debug|Any CPU
		Release|Any CPU = Release|Any CPU
	EndGlobalSection
	GlobalSection(ProjectConfigurationPlatforms) = postSolution
		{B9263D56-DB23-4EE9-9F91-F64F988EB6CC}.Debug|Any CPU.ActiveCfg = Debug|Any CPU
		{B9263D56-DB23-4EE9-9F91-F64F988EB6CC}.Debug|Any CPU.Build.0 = Debug|Any CPU
		{B9263D56-DB23-4EE9-9F91-F64F988EB6CC}.Release|Any CPU.ActiveCfg = Release|Any CPU
		{B9263D56-DB23-4EE9-9F91-F64F988EB6CC}.Release|Any CPU.Build.0 = Release|Any CPU
	EndGlobalSection
	GlobalSection(SolutionProperties) = preSolution
		HideSolutionNode = FALSE
	EndGlobalSection
	GlobalSection(ExtensibilityGlobals) = postSolution
		SolutionGuid = {4BB7D44E-61E2-4EB0-88FA-752DC6ED5E1D}
	EndGlobalSection
EndGlobal
