
Microsoft Visual Studio Solution File, Format Version 12.00
# Visual Studio Version 16
VisualStudioVersion = 16.0.29215.179
MinimumVisualStudioVersion = 10.0.40219.1
Project("{FAE04EC0-301F-11D3-BF4B-00C04F79EFBC}") = "Rando", "Rando\Rando.csproj", "{45EF6C5D-DA59-4C74-876F-36D149C9CBFF}"
EndProject
Global
	GlobalSection(SolutionConfigurationPlatforms) = preSolution
		Debug|Any CPU = Debug|Any CPU
		Release|Any CPU = Release|Any CPU
	EndGlobalSection
	GlobalSection(ProjectConfigurationPlatforms) = postSolution
		{45EF6C5D-DA59-4C74-876F-36D149C9CBFF}.Debug|Any CPU.ActiveCfg = Debug|Any CPU
		{45EF6C5D-DA59-4C74-876F-36D149C9CBFF}.Debug|Any CPU.Build.0 = Debug|Any CPU
		{45EF6C5D-DA59-4C74-876F-36D149C9CBFF}.Release|Any CPU.ActiveCfg = Release|Any CPU
		{45EF6C5D-DA59-4C74-876F-36D149C9CBFF}.Release|Any CPU.Build.0 = Release|Any CPU
	EndGlobalSection
	GlobalSection(SolutionProperties) = preSolution
		HideSolutionNode = FALSE
	EndGlobalSection
	GlobalSection(ExtensibilityGlobals) = postSolution
		SolutionGuid = {19698DF9-C785-4FB3-B954-B2464602EEF7}
	EndGlobalSection
EndGlobal
