
Microsoft Visual Studio Solution File, Format Version 12.00
# Visual Studio Version 16
VisualStudioVersion = 16.0.29215.179
MinimumVisualStudioVersion = 10.0.40219.1
Project("{FAE04EC0-301F-11D3-BF4B-00C04F79EFBC}") = "ConsoleApp1", "ConsoleApp1\ConsoleApp1.csproj", "{27ED6CD0-F635-460E-9844-39205E454118}"
EndProject
Global
	GlobalSection(SolutionConfigurationPlatforms) = preSolution
		Debug|Any CPU = Debug|Any CPU
		Release|Any CPU = Release|Any CPU
	EndGlobalSection
	GlobalSection(ProjectConfigurationPlatforms) = postSolution
		{27ED6CD0-F635-460E-9844-39205E454118}.Debug|Any CPU.ActiveCfg = Debug|Any CPU
		{27ED6CD0-F635-460E-9844-39205E454118}.Debug|Any CPU.Build.0 = Debug|Any CPU
		{27ED6CD0-F635-460E-9844-39205E454118}.Release|Any CPU.ActiveCfg = Release|Any CPU
		{27ED6CD0-F635-460E-9844-39205E454118}.Release|Any CPU.Build.0 = Release|Any CPU
	EndGlobalSection
	GlobalSection(SolutionProperties) = preSolution
		HideSolutionNode = FALSE
	EndGlobalSection
	GlobalSection(ExtensibilityGlobals) = postSolution
		SolutionGuid = {12110F1E-608F-4672-9ABA-14E76B3830AD}
	EndGlobalSection
EndGlobal
