
Microsoft Visual Studio Solution File, Format Version 12.00
# Visual Studio Version 16
VisualStudioVersion = 16.0.29215.179
MinimumVisualStudioVersion = 10.0.40219.1
Project("{FAE04EC0-301F-11D3-BF4B-00C04F79EFBC}") = "screwaround2", "screwaround2\screwaround2.csproj", "{6BDFAE2F-DB1B-475E-BB18-626C7097A4D1}"
EndProject
Global
	GlobalSection(SolutionConfigurationPlatforms) = preSolution
		Debug|Any CPU = Debug|Any CPU
		Release|Any CPU = Release|Any CPU
	EndGlobalSection
	GlobalSection(ProjectConfigurationPlatforms) = postSolution
		{6BDFAE2F-DB1B-475E-BB18-626C7097A4D1}.Debug|Any CPU.ActiveCfg = Debug|Any CPU
		{6BDFAE2F-DB1B-475E-BB18-626C7097A4D1}.Debug|Any CPU.Build.0 = Debug|Any CPU
		{6BDFAE2F-DB1B-475E-BB18-626C7097A4D1}.Release|Any CPU.ActiveCfg = Release|Any CPU
		{6BDFAE2F-DB1B-475E-BB18-626C7097A4D1}.Release|Any CPU.Build.0 = Release|Any CPU
	EndGlobalSection
	GlobalSection(SolutionProperties) = preSolution
		HideSolutionNode = FALSE
	EndGlobalSection
	GlobalSection(ExtensibilityGlobals) = postSolution
		SolutionGuid = {16C67F11-33E8-4322-B6B6-96A6FEEE44F8}
	EndGlobalSection
EndGlobal
