
Microsoft Visual Studio Solution File, Format Version 12.00
# Visual Studio Version 16
VisualStudioVersion = 16.0.29215.179
MinimumVisualStudioVersion = 10.0.40219.1
Project("{FAE04EC0-301F-11D3-BF4B-00C04F79EFBC}") = "Accumulators", "Accumulators\Accumulators.csproj", "{9B66A2D4-52E8-4571-94ED-A0E89D768005}"
EndProject
Global
	GlobalSection(SolutionConfigurationPlatforms) = preSolution
		Debug|Any CPU = Debug|Any CPU
		Release|Any CPU = Release|Any CPU
	EndGlobalSection
	GlobalSection(ProjectConfigurationPlatforms) = postSolution
		{9B66A2D4-52E8-4571-94ED-A0E89D768005}.Debug|Any CPU.ActiveCfg = Debug|Any CPU
		{9B66A2D4-52E8-4571-94ED-A0E89D768005}.Debug|Any CPU.Build.0 = Debug|Any CPU
		{9B66A2D4-52E8-4571-94ED-A0E89D768005}.Release|Any CPU.ActiveCfg = Release|Any CPU
		{9B66A2D4-52E8-4571-94ED-A0E89D768005}.Release|Any CPU.Build.0 = Release|Any CPU
	EndGlobalSection
	GlobalSection(SolutionProperties) = preSolution
		HideSolutionNode = FALSE
	EndGlobalSection
	GlobalSection(ExtensibilityGlobals) = postSolution
		SolutionGuid = {C2808E48-EFB1-4D98-B1E2-B8D87906FEF5}
	EndGlobalSection
EndGlobal
